// !$*UTF8*$!
{
	archiveVersion = 1;
	classes = {
	};
	objectVersion = 50;
	objects = {

/* Begin PBXBuildFile section */
		9D1E0935245392020009FE3B /* item.png in Resources */ = {isa = PBXBuildFile; fileRef = 9D1E0934245392020009FE3B /* item.png */; };
		9D1E0937245392360009FE3B /* pokeball.png in Resources */ = {isa = PBXBuildFile; fileRef = 9D1E0936245392360009FE3B /* pokeball.png */; };
		9D1E0939245394B90009FE3B /* PkmViewController.swift in Sources */ = {isa = PBXBuildFile; fileRef = 9D1E0938245394B90009FE3B /* PkmViewController.swift */; };
		9D1E093B245395110009FE3B /* MvViewController.swift in Sources */ = {isa = PBXBuildFile; fileRef = 9D1E093A245395110009FE3B /* MvViewController.swift */; };
		9D1E093D245395290009FE3B /* ItViewController.swift in Sources */ = {isa = PBXBuildFile; fileRef = 9D1E093C245395290009FE3B /* ItViewController.swift */; };
		9D4CE6172453781E00AEFC88 /* AppDelegate.swift in Sources */ = {isa = PBXBuildFile; fileRef = 9D4CE6162453781E00AEFC88 /* AppDelegate.swift */; };
		9D4CE6192453781E00AEFC88 /* SceneDelegate.swift in Sources */ = {isa = PBXBuildFile; fileRef = 9D4CE6182453781E00AEFC88 /* SceneDelegate.swift */; };
		9D4CE61B2453781E00AEFC88 /* ViewController.swift in Sources */ = {isa = PBXBuildFile; fileRef = 9D4CE61A2453781E00AEFC88 /* ViewController.swift */; };
		9D4CE61E2453781E00AEFC88 /* Main.storyboard in Resources */ = {isa = PBXBuildFile; fileRef = 9D4CE61C2453781E00AEFC88 /* Main.storyboard */; };
		9D4CE6202453781E00AEFC88 /* Assets.xcassets in Resources */ = {isa = PBXBuildFile; fileRef = 9D4CE61F2453781E00AEFC88 /* Assets.xcassets */; };
		9D4CE6232453781E00AEFC88 /* LaunchScreen.storyboard in Resources */ = {isa = PBXBuildFile; fileRef = 9D4CE6212453781E00AEFC88 /* LaunchScreen.storyboard */; };
		9D4CE63B245390D000AEFC88 /* TM.png in Resources */ = {isa = PBXBuildFile; fileRef = 9D4CE63A245390D000AEFC88 /* TM.png */; };
		9D4CE63D2453916900AEFC88 /* PKM.png in Resources */ = {isa = PBXBuildFile; fileRef = 9D4CE63C2453916900AEFC88 /* PKM.png */; };
		9D9164502453BA99000F618B /* PokemonModel.swift in Sources */ = {isa = PBXBuildFile; fileRef = 9D91644F2453BA99000F618B /* PokemonModel.swift */; };
		9D9164522453BC48000F618B /* PokemonController.swift in Sources */ = {isa = PBXBuildFile; fileRef = 9D9164512453BC48000F618B /* PokemonController.swift */; };
		9D9164542453C79A000F618B /* PkmDetailViewController.swift in Sources */ = {isa = PBXBuildFile; fileRef = 9D9164532453C79A000F618B /* PkmDetailViewController.swift */; };
/* End PBXBuildFile section */

/* Begin PBXFileReference section */
		9D1E0934245392020009FE3B /* item.png */ = {isa = PBXFileReference; lastKnownFileType = image.png; path = item.png; sourceTree = "<group>"; };
		9D1E0936245392360009FE3B /* pokeball.png */ = {isa = PBXFileReference; lastKnownFileType = image.png; path = pokeball.png; sourceTree = "<group>"; };
		9D1E0938245394B90009FE3B /* PkmViewController.swift */ = {isa = PBXFileReference; lastKnownFileType = sourcecode.swift; path = PkmViewController.swift; sourceTree = "<group>"; };
		9D1E093A245395110009FE3B /* MvViewController.swift */ = {isa = PBXFileReference; lastKnownFileType = sourcecode.swift; path = MvViewController.swift; sourceTree = "<group>"; };
		9D1E093C245395290009FE3B /* ItViewController.swift */ = {isa = PBXFileReference; lastKnownFileType = sourcecode.swift; path = ItViewController.swift; sourceTree = "<group>"; };
		9D4CE6132453781E00AEFC88 /* Pokedex_Test.app */ = {isa = PBXFileReference; explicitFileType = wrapper.application; includeInIndex = 0; path = Pokedex_Test.app; sourceTree = BUILT_PRODUCTS_DIR; };
		9D4CE6162453781E00AEFC88 /* AppDelegate.swift */ = {isa = PBXFileReference; lastKnownFileType = sourcecode.swift; path = AppDelegate.swift; sourceTree = "<group>"; };
		9D4CE6182453781E00AEFC88 /* SceneDelegate.swift */ = {isa = PBXFileReference; lastKnownFileType = sourcecode.swift; path = SceneDelegate.swift; sourceTree = "<group>"; };
		9D4CE61A2453781E00AEFC88 /* ViewController.swift */ = {isa = PBXFileReference; lastKnownFileType = sourcecode.swift; path = ViewController.swift; sourceTree = "<group>"; };
		9D4CE61D2453781E00AEFC88 /* Base */ = {isa = PBXFileReference; lastKnownFileType = file.storyboard; name = Base; path = Base.lproj/Main.storyboard; sourceTree = "<group>"; };
		9D4CE61F2453781E00AEFC88 /* Assets.xcassets */ = {isa = PBXFileReference; lastKnownFileType = folder.assetcatalog; path = Assets.xcassets; sourceTree = "<group>"; };
		9D4CE6222453781E00AEFC88 /* Base */ = {isa = PBXFileReference; lastKnownFileType = file.storyboard; name = Base; path = Base.lproj/LaunchScreen.storyboard; sourceTree = "<group>"; };
		9D4CE6242453781E00AEFC88 /* Info.plist */ = {isa = PBXFileReference; lastKnownFileType = text.plist.xml; path = Info.plist; sourceTree = "<group>"; };
		9D4CE63A245390D000AEFC88 /* TM.png */ = {isa = PBXFileReference; lastKnownFileType = image.png; path = TM.png; sourceTree = "<group>"; };
		9D4CE63C2453916900AEFC88 /* PKM.png */ = {isa = PBXFileReference; lastKnownFileType = image.png; path = PKM.png; sourceTree = "<group>"; };
		9D91644F2453BA99000F618B /* PokemonModel.swift */ = {isa = PBXFileReference; lastKnownFileType = sourcecode.swift; path = PokemonModel.swift; sourceTree = "<group>"; };
		9D9164512453BC48000F618B /* PokemonController.swift */ = {isa = PBXFileReference; lastKnownFileType = sourcecode.swift; path = PokemonController.swift; sourceTree = "<group>"; };
		9D9164532453C79A000F618B /* PkmDetailViewController.swift */ = {isa = PBXFileReference; lastKnownFileType = sourcecode.swift; path = PkmDetailViewController.swift; sourceTree = "<group>"; };
/* End PBXFileReference section */

/* Begin PBXFrameworksBuildPhase section */
		9D4CE6102453781E00AEFC88 /* Frameworks */ = {
			isa = PBXFrameworksBuildPhase;
			buildActionMask = 2147483647;
			files = (
			);
			runOnlyForDeploymentPostprocessing = 0;
		};
/* End PBXFrameworksBuildPhase section */

/* Begin PBXGroup section */
		9D4CE60A2453781E00AEFC88 = {
			isa = PBXGroup;
			children = (
				9D4CE6152453781E00AEFC88 /* Pokedex_Test */,
				9D4CE6142453781E00AEFC88 /* Products */,
			);
			sourceTree = "<group>";
		};
		9D4CE6142453781E00AEFC88 /* Products */ = {
			isa = PBXGroup;
			children = (
				9D4CE6132453781E00AEFC88 /* Pokedex_Test.app */,
			);
			name = Products;
			sourceTree = "<group>";
		};
		9D4CE6152453781E00AEFC88 /* Pokedex_Test */ = {
			isa = PBXGroup;
			children = (
				9D9164512453BC48000F618B /* PokemonController.swift */,
				9D9164552453C7A6000F618B /* ViewControllers */,
				9D91644D2453B8F4000F618B /* Model */,
				9D4CE62A2453784900AEFC88 /* Storyboards */,
				9D4CE6162453781E00AEFC88 /* AppDelegate.swift */,
				9D4CE6182453781E00AEFC88 /* SceneDelegate.swift */,
				9D4CE61A2453781E00AEFC88 /* ViewController.swift */,
				9D1E0938245394B90009FE3B /* PkmViewController.swift */,
				9D9164532453C79A000F618B /* PkmDetailViewController.swift */,
				9D1E093A245395110009FE3B /* MvViewController.swift */,
				9D1E093C245395290009FE3B /* ItViewController.swift */,
				9D4CE61F2453781E00AEFC88 /* Assets.xcassets */,
				9D4CE6242453781E00AEFC88 /* Info.plist */,
				9D4CE62B245378A200AEFC88 /* Resources */,
			);
			path = Pokedex_Test;
			sourceTree = "<group>";
		};
		9D4CE62A2453784900AEFC88 /* Storyboards */ = {
			isa = PBXGroup;
			children = (
				9D4CE61C2453781E00AEFC88 /* Main.storyboard */,
				9D4CE6212453781E00AEFC88 /* LaunchScreen.storyboard */,
			);
			name = Storyboards;
			path = Pokedex_Test/Storyboards;
			sourceTree = SOURCE_ROOT;
		};
		9D4CE62B245378A200AEFC88 /* Resources */ = {
			isa = PBXGroup;
			children = (
				9D4CE63C2453916900AEFC88 /* PKM.png */,
				9D4CE63A245390D000AEFC88 /* TM.png */,
				9D1E0934245392020009FE3B /* item.png */,
				9D1E0936245392360009FE3B /* pokeball.png */,
			);
			path = Resources;
			sourceTree = "<group>";
		};
		9D91644D2453B8F4000F618B /* Model */ = {
			isa = PBXGroup;
			children = (
				9D91644F2453BA99000F618B /* PokemonModel.swift */,
			);
			path = Model;
			sourceTree = "<group>";
		};
		9D9164552453C7A6000F618B /* ViewControllers */ = {
			isa = PBXGroup;
			children = (
			);
			path = ViewControllers;
			sourceTree = "<group>";
		};
/* End PBXGroup section */

/* Begin PBXNativeTarget section */
		9D4CE6122453781E00AEFC88 /* Pokedex_Test */ = {
			isa = PBXNativeTarget;
			buildConfigurationList = 9D4CE6272453781E00AEFC88 /* Build configuration list for PBXNativeTarget "Pokedex_Test" */;
			buildPhases = (
				9D4CE60F2453781E00AEFC88 /* Sources */,
				9D4CE6102453781E00AEFC88 /* Frameworks */,
				9D4CE6112453781E00AEFC88 /* Resources */,
			);
			buildRules = (
			);
			dependencies = (
			);
			name = Pokedex_Test;
			productName = Pokedex_Test;
			productReference = 9D4CE6132453781E00AEFC88 /* Pokedex_Test.app */;
			productType = "com.apple.product-type.application";
		};
/* End PBXNativeTarget section */

/* Begin PBXProject section */
		9D4CE60B2453781E00AEFC88 /* Project object */ = {
			isa = PBXProject;
			attributes = {
				LastSwiftUpdateCheck = 1140;
				LastUpgradeCheck = 1140;
				ORGANIZATIONNAME = "Ivan Rulik";
				TargetAttributes = {
					9D4CE6122453781E00AEFC88 = {
						CreatedOnToolsVersion = 11.4.1;
					};
				};
			};
			buildConfigurationList = 9D4CE60E2453781E00AEFC88 /* Build configuration list for PBXProject "Pokedex_Test" */;
			compatibilityVersion = "Xcode 9.3";
			developmentRegion = en;
			hasScannedForEncodings = 0;
			knownRegions = (
				en,
				Base,
			);
			mainGroup = 9D4CE60A2453781E00AEFC88;
			productRefGroup = 9D4CE6142453781E00AEFC88 /* Products */;
			projectDirPath = "";
			projectRoot = "";
			targets = (
				9D4CE6122453781E00AEFC88 /* Pokedex_Test */,
			);
		};
/* End PBXProject section */

/* Begin PBXResourcesBuildPhase section */
		9D4CE6112453781E00AEFC88 /* Resources */ = {
			isa = PBXResourcesBuildPhase;
			buildActionMask = 2147483647;
			files = (
				9D4CE6232453781E00AEFC88 /* LaunchScreen.storyboard in Resources */,
				9D4CE63B245390D000AEFC88 /* TM.png in Resources */,
				9D4CE6202453781E00AEFC88 /* Assets.xcassets in Resources */,
				9D4CE61E2453781E00AEFC88 /* Main.storyboard in Resources */,
				9D1E0937245392360009FE3B /* pokeball.png in Resources */,
				9D4CE63D2453916900AEFC88 /* PKM.png in Resources */,
				9D1E0935245392020009FE3B /* item.png in Resources */,
			);
			runOnlyForDeploymentPostprocessing = 0;
		};
/* End PBXResourcesBuildPhase section */

/* Begin PBXSourcesBuildPhase section */
		9D4CE60F2453781E00AEFC88 /* Sources */ = {
			isa = PBXSourcesBuildPhase;
			buildActionMask = 2147483647;
			files = (
				9D4CE61B2453781E00AEFC88 /* ViewController.swift in Sources */,
				9D1E093B245395110009FE3B /* MvViewController.swift in Sources */,
				9D1E0939245394B90009FE3B /* PkmViewController.swift in Sources */,
				9D4CE6172453781E00AEFC88 /* AppDelegate.swift in Sources */,
				9D9164502453BA99000F618B /* PokemonModel.swift in Sources */,
				9D4CE6192453781E00AEFC88 /* SceneDelegate.swift in Sources */,
				9D9164542453C79A000F618B /* PkmDetailViewController.swift in Sources */,
				9D1E093D245395290009FE3B /* ItViewController.swift in Sources */,
				9D9164522453BC48000F618B /* PokemonController.swift in Sources */,
			);
			runOnlyForDeploymentPostprocessing = 0;
		};
/* End PBXSourcesBuildPhase section */

/* Begin PBXVariantGroup section */
		9D4CE61C2453781E00AEFC88 /* Main.storyboard */ = {
			isa = PBXVariantGroup;
			children = (
				9D4CE61D2453781E00AEFC88 /* Base */,
			);
			name = Main.storyboard;
			sourceTree = "<group>";
		};
		9D4CE6212453781E00AEFC88 /* LaunchScreen.storyboard */ = {
			isa = PBXVariantGroup;
			children = (
				9D4CE6222453781E00AEFC88 /* Base */,
			);
			name = LaunchScreen.storyboard;
			sourceTree = "<group>";
		};
/* End PBXVariantGroup section */

/* Begin XCBuildConfiguration section */
		9D4CE6252453781E00AEFC88 /* Debug */ = {
			isa = XCBuildConfiguration;
			buildSettings = {
				ALWAYS_SEARCH_USER_PATHS = NO;
				CLANG_ANALYZER_NONNULL = YES;
				CLANG_ANALYZER_NUMBER_OBJECT_CONVERSION = YES_AGGRESSIVE;
				CLANG_CXX_LANGUAGE_STANDARD = "gnu++14";
				CLANG_CXX_LIBRARY = "libc++";
				CLANG_ENABLE_MODULES = YES;
				CLANG_ENABLE_OBJC_ARC = YES;
				CLANG_ENABLE_OBJC_WEAK = YES;
				CLANG_WARN_BLOCK_CAPTURE_AUTORELEASING = YES;
				CLANG_WARN_BOOL_CONVERSION = YES;
				CLANG_WARN_COMMA = YES;
				CLANG_WARN_CONSTANT_CONVERSION = YES;
				CLANG_WARN_DEPRECATED_OBJC_IMPLEMENTATIONS = YES;
				CLANG_WARN_DIRECT_OBJC_ISA_USAGE = YES_ERROR;
				CLANG_WARN_DOCUMENTATION_COMMENTS = YES;
				CLANG_WARN_EMPTY_BODY = YES;
				CLANG_WARN_ENUM_CONVERSION = YES;
				CLANG_WARN_INFINITE_RECURSION = YES;
				CLANG_WARN_INT_CONVERSION = YES;
				CLANG_WARN_NON_LITERAL_NULL_CONVERSION = YES;
				CLANG_WARN_OBJC_IMPLICIT_RETAIN_SELF = YES;
				CLANG_WARN_OBJC_LITERAL_CONVERSION = YES;
				CLANG_WARN_OBJC_ROOT_CLASS = YES_ERROR;
				CLANG_WARN_RANGE_LOOP_ANALYSIS = YES;
				CLANG_WARN_STRICT_PROTOTYPES = YES;
				CLANG_WARN_SUSPICIOUS_MOVE = YES;
				CLANG_WARN_UNGUARDED_AVAILABILITY = YES_AGGRESSIVE;
				CLANG_WARN_UNREACHABLE_CODE = YES;
				CLANG_WARN__DUPLICATE_METHOD_MATCH = YES;
				COPY_PHASE_STRIP = NO;
				DEBUG_INFORMATION_FORMAT = dwarf;
				ENABLE_STRICT_OBJC_MSGSEND = YES;
				ENABLE_TESTABILITY = YES;
				GCC_C_LANGUAGE_STANDARD = gnu11;
				GCC_DYNAMIC_NO_PIC = NO;
				GCC_NO_COMMON_BLOCKS = YES;
				GCC_OPTIMIZATION_LEVEL = 0;
				GCC_PREPROCESSOR_DEFINITIONS = (
					"DEBUG=1",
					"$(inherited)",
				);
				GCC_WARN_64_TO_32_BIT_CONVERSION = YES;
				GCC_WARN_ABOUT_RETURN_TYPE = YES_ERROR;
				GCC_WARN_UNDECLARED_SELECTOR = YES;
				GCC_WARN_UNINITIALIZED_AUTOS = YES_AGGRESSIVE;
				GCC_WARN_UNUSED_FUNCTION = YES;
				GCC_WARN_UNUSED_VARIABLE = YES;
				IPHONEOS_DEPLOYMENT_TARGET = 13.4;
				MTL_ENABLE_DEBUG_INFO = INCLUDE_SOURCE;
				MTL_FAST_MATH = YES;
				ONLY_ACTIVE_ARCH = YES;
				SDKROOT = iphoneos;
				SWIFT_ACTIVE_COMPILATION_CONDITIONS = DEBUG;
				SWIFT_OPTIMIZATION_LEVEL = "-Onone";
			};
			name = Debug;
		};
		9D4CE6262453781E00AEFC88 /* Release */ = {
			isa = XCBuildConfiguration;
			buildSettings = {
				ALWAYS_SEARCH_USER_PATHS = NO;
				CLANG_ANALYZER_NONNULL = YES;
				CLANG_ANALYZER_NUMBER_OBJECT_CONVERSION = YES_AGGRESSIVE;
				CLANG_CXX_LANGUAGE_STANDARD = "gnu++14";
				CLANG_CXX_LIBRARY = "libc++";
				CLANG_ENABLE_MODULES = YES;
				CLANG_ENABLE_OBJC_ARC = YES;
				CLANG_ENABLE_OBJC_WEAK = YES;
				CLANG_WARN_BLOCK_CAPTURE_AUTORELEASING = YES;
				CLANG_WARN_BOOL_CONVERSION = YES;
				CLANG_WARN_COMMA = YES;
				CLANG_WARN_CONSTANT_CONVERSION = YES;
				CLANG_WARN_DEPRECATED_OBJC_IMPLEMENTATIONS = YES;
				CLANG_WARN_DIRECT_OBJC_ISA_USAGE = YES_ERROR;
				CLANG_WARN_DOCUMENTATION_COMMENTS = YES;
				CLANG_WARN_EMPTY_BODY = YES;
				CLANG_WARN_ENUM_CONVERSION = YES;
				CLANG_WARN_INFINITE_RECURSION = YES;
				CLANG_WARN_INT_CONVERSION = YES;
				CLANG_WARN_NON_LITERAL_NULL_CONVERSION = YES;
				CLANG_WARN_OBJC_IMPLICIT_RETAIN_SELF = YES;
				CLANG_WARN_OBJC_LITERAL_CONVERSION = YES;
				CLANG_WARN_OBJC_ROOT_CLASS = YES_ERROR;
				CLANG_WARN_RANGE_LOOP_ANALYSIS = YES;
				CLANG_WARN_STRICT_PROTOTYPES = YES;
				CLANG_WARN_SUSPICIOUS_MOVE = YES;
				CLANG_WARN_UNGUARDED_AVAILABILITY = YES_AGGRESSIVE;
				CLANG_WARN_UNREACHABLE_CODE = YES;
				CLANG_WARN__DUPLICATE_METHOD_MATCH = YES;
				COPY_PHASE_STRIP = NO;
				DEBUG_INFORMATION_FORMAT = "dwarf-with-dsym";
				ENABLE_NS_ASSERTIONS = NO;
				ENABLE_STRICT_OBJC_MSGSEND = YES;
				GCC_C_LANGUAGE_STANDARD = gnu11;
				GCC_NO_COMMON_BLOCKS = YES;
				GCC_WARN_64_TO_32_BIT_CONVERSION = YES;
				GCC_WARN_ABOUT_RETURN_TYPE = YES_ERROR;
				GCC_WARN_UNDECLARED_SELECTOR = YES;
				GCC_WARN_UNINITIALIZED_AUTOS = YES_AGGRESSIVE;
				GCC_WARN_UNUSED_FUNCTION = YES;
				GCC_WARN_UNUSED_VARIABLE = YES;
				IPHONEOS_DEPLOYMENT_TARGET = 13.4;
				MTL_ENABLE_DEBUG_INFO = NO;
				MTL_FAST_MATH = YES;
				SDKROOT = iphoneos;
				SWIFT_COMPILATION_MODE = wholemodule;
				SWIFT_OPTIMIZATION_LEVEL = "-O";
				VALIDATE_PRODUCT = YES;
			};
			name = Release;
		};
		9D4CE6282453781E00AEFC88 /* Debug */ = {
			isa = XCBuildConfiguration;
			buildSettings = {
				ASSETCATALOG_COMPILER_APPICON_NAME = AppIcon;
				CODE_SIGN_STYLE = Automatic;
				DEVELOPMENT_TEAM = N2W9V6WG3U;
				INFOPLIST_FILE = Pokedex_Test/Info.plist;
				IPHONEOS_DEPLOYMENT_TARGET = 13.3;
				LD_RUNPATH_SEARCH_PATHS = (
					"$(inherited)",
					"@executable_path/Frameworks",
				);
				PRODUCT_BUNDLE_IDENTIFIER = "Uniandes.Pokedex-Test";
				PRODUCT_NAME = "$(TARGET_NAME)";
				SWIFT_VERSION = 5.0;
				TARGETED_DEVICE_FAMILY = "1,2";
			};
			name = Debug;
		};
		9D4CE6292453781E00AEFC88 /* Release */ = {
			isa = XCBuildConfiguration;
			buildSettings = {
				ASSETCATALOG_COMPILER_APPICON_NAME = AppIcon;
				CODE_SIGN_STYLE = Automatic;
				DEVELOPMENT_TEAM = N2W9V6WG3U;
				INFOPLIST_FILE = Pokedex_Test/Info.plist;
				IPHONEOS_DEPLOYMENT_TARGET = 13.3;
				LD_RUNPATH_SEARCH_PATHS = (
					"$(inherited)",
					"@executable_path/Frameworks",
				);
				PRODUCT_BUNDLE_IDENTIFIER = "Uniandes.Pokedex-Test";
				PRODUCT_NAME = "$(TARGET_NAME)";
				SWIFT_VERSION = 5.0;
				TARGETED_DEVICE_FAMILY = "1,2";
			};
			name = Release;
		};
/* End XCBuildConfiguration section */

/* Begin XCConfigurationList section */
		9D4CE60E2453781E00AEFC88 /* Build configuration list for PBXProject "Pokedex_Test" */ = {
			isa = XCConfigurationList;
			buildConfigurations = (
				9D4CE6252453781E00AEFC88 /* Debug */,
				9D4CE6262453781E00AEFC88 /* Release */,
			);
			defaultConfigurationIsVisible = 0;
			defaultConfigurationName = Release;
		};
		9D4CE6272453781E00AEFC88 /* Build configuration list for PBXNativeTarget "Pokedex_Test" */ = {
			isa = XCConfigurationList;
			buildConfigurations = (
				9D4CE6282453781E00AEFC88 /* Debug */,
				9D4CE6292453781E00AEFC88 /* Release */,
			);
			defaultConfigurationIsVisible = 0;
			defaultConfigurationName = Release;
		};
/* End XCConfigurationList section */
	};
	rootObject = 9D4CE60B2453781E00AEFC88 /* Project object */;
}
